
Microsoft Visual Studio Solution File, Format Version 12.00
# Visual Studio Version 17
VisualStudioVersion = 17.9.34607.119
MinimumVisualStudioVersion = 10.0.40219.1
Project("{9A19103F-16F7-4668-BE54-9A1E7A4F7556}") = "Сосновский.UI", "Сосновский.UI\Сосновский.UI.csproj", "{81A0834A-9D61-43E1-9608-884FE6615548}"
EndProject
Project("{FAE04EC0-301F-11D3-BF4B-00C04F79EFBC}") = "Air.Domain", "Air.Domain\Air.Domain.csproj", "{5E78B416-1869-4D89-AB62-A1E3AA3A32F2}"
EndProject
Global
	GlobalSection(SolutionConfigurationPlatforms) = preSolution
		Debug|Any CPU = Debug|Any CPU
		Release|Any CPU = Release|Any CPU
	EndGlobalSection
	GlobalSection(ProjectConfigurationPlatforms) = postSolution
		{81A0834A-9D61-43E1-9608-884FE6615548}.Debug|Any CPU.ActiveCfg = Debug|Any CPU
		{81A0834A-9D61-43E1-9608-884FE6615548}.Debug|Any CPU.Build.0 = Debug|Any CPU
		{81A0834A-9D61-43E1-9608-884FE6615548}.Release|Any CPU.ActiveCfg = Release|Any CPU
		{81A0834A-9D61-43E1-9608-884FE6615548}.Release|Any CPU.Build.0 = Release|Any CPU
		{5E78B416-1869-4D89-AB62-A1E3AA3A32F2}.Debug|Any CPU.ActiveCfg = Debug|Any CPU
		{5E78B416-1869-4D89-AB62-A1E3AA3A32F2}.Debug|Any CPU.Build.0 = Debug|Any CPU
		{5E78B416-1869-4D89-AB62-A1E3AA3A32F2}.Release|Any CPU.ActiveCfg = Release|Any CPU
		{5E78B416-1869-4D89-AB62-A1E3AA3A32F2}.Release|Any CPU.Build.0 = Release|Any CPU
	EndGlobalSection
	GlobalSection(SolutionProperties) = preSolution
		HideSolutionNode = FALSE
	EndGlobalSection
	GlobalSection(ExtensibilityGlobals) = postSolution
		SolutionGuid = {F84E3BA2-0C52-48E8-8729-2F03843357A3}
	EndGlobalSection
EndGlobal
